
Microsoft Visual Studio Solution File, Format Version 12.00
# Visual Studio Version 17
VisualStudioVersion = 17.6.33815.320
MinimumVisualStudioVersion = 10.0.40219.1
Project("{9A19103F-16F7-4668-BE54-9A1E7A4F7556}") = "Irock.POTrackingSolution.Api", "Irock.POTrackingSolution.Api\Irock.POTrackingSolution.Api.csproj", "{1E07AE57-E652-42A3-AA0C-6967A3A735C8}"
EndProject
Project("{9A19103F-16F7-4668-BE54-9A1E7A4F7556}") = "Irock.POTrackingSolution.Gateway", "Irock.POTrackingSolution.Gateway\Irock.POTrackingSolution.Gateway.csproj", "{3A5E3A1E-C52D-4E21-B6B2-6160BE37A275}"
EndProject
Project("{2150E333-8FDC-42A3-9474-1A3956D46DE8}") = "04-Presentation", "04-Presentation", "{EA79CDD3-2942-46B4-A5D4-2E06689DC6CD}"
EndProject
Project("{2150E333-8FDC-42A3-9474-1A3956D46DE8}") = "src", "src", "{50CCE76D-DB9B-4DC5-A397-820353EA5F13}"
EndProject
Project("{2150E333-8FDC-42A3-9474-1A3956D46DE8}") = "00-Shared", "00-Shared", "{9F6BDF64-8494-4823-BB69-BB85ECB7B686}"
EndProject
Project("{9A19103F-16F7-4668-BE54-9A1E7A4F7556}") = "Common", "Common\Common.csproj", "{9C2C9666-C19A-40AE-AF19-2B2CA70F74CC}"
EndProject
Project("{9A19103F-16F7-4668-BE54-9A1E7A4F7556}") = "ValidationEngine", "ValidationEngine\ValidationEngine.csproj", "{7442931B-A854-4854-85AC-848D1A88FBA2}"
EndProject
Project("{2150E333-8FDC-42A3-9474-1A3956D46DE8}") = "01-Core", "01-Core", "{B87B260F-5F42-4343-8E18-C72363EBD4B9}"
EndProject
Project("{2150E333-8FDC-42A3-9474-1A3956D46DE8}") = "02-Infrastructure", "02-Infrastructure", "{FA40DA8C-5227-45D7-BE68-5C58E49F59F6}"
EndProject
Project("{2150E333-8FDC-42A3-9474-1A3956D46DE8}") = "03-Migrators", "03-Migrators", "{CEEBA833-49FA-4106-A25F-CF027031A1B5}"
EndProject
Project("{9A19103F-16F7-4668-BE54-9A1E7A4F7556}") = "Application", "Application\Application.csproj", "{006EFA61-A40F-449C-AC48-DD9447A5D7F1}"
EndProject
Project("{9A19103F-16F7-4668-BE54-9A1E7A4F7556}") = "Domain", "Domain\Domain.csproj", "{A2F554EF-A73F-4D32-BB32-642CDACC3DBD}"
EndProject
Project("{9A19103F-16F7-4668-BE54-9A1E7A4F7556}") = "Infrastructure", "Infrastructure\Infrastructure.csproj", "{C222A9CE-2741-4BDA-A151-9EFE304E9118}"
EndProject
Project("{9A19103F-16F7-4668-BE54-9A1E7A4F7556}") = "Persistence", "Persistence\Persistence.csproj", "{1A2E8D04-5551-471E-B062-260429CBCDB2}"
EndProject
Project("{9A19103F-16F7-4668-BE54-9A1E7A4F7556}") = "MSSql", "MSSql\MSSql.csproj", "{A07659E2-C5F4-4BA7-AECC-60D14D34A8C9}"
EndProject
Project("{2150E333-8FDC-42A3-9474-1A3956D46DE8}") = "tests", "tests", "{55E41AD6-0499-485E-852E-6620F9DA79D7}"
EndProject
Project("{9A19103F-16F7-4668-BE54-9A1E7A4F7556}") = "Application.Integration.Tests", "Application.Integration.Tests\Application.Integration.Tests.csproj", "{CEA1B810-5342-4FFF-AECA-31CCDB4DB910}"
EndProject
Project("{9A19103F-16F7-4668-BE54-9A1E7A4F7556}") = "Domain.Tests", "Domain.Tests\Domain.Tests.csproj", "{4140E945-84D6-497D-A2DC-7AA5514830F0}"
EndProject
Project("{9A19103F-16F7-4668-BE54-9A1E7A4F7556}") = "Infrastructure.Unit.Tests", "Infrastructure.Unit.Tests\Infrastructure.Unit.Tests.csproj", "{463175D1-B725-4C74-9210-018C99266564}"
EndProject
Project("{9A19103F-16F7-4668-BE54-9A1E7A4F7556}") = "Irock.POTrackingSolution.Api.Integration.Tests", "Irock.POTrackingSolution.Api.Integration.Tests\Irock.POTrackingSolution.Api.Integration.Tests.csproj", "{37EE73BF-629D-474B-94B6-1337999F7797}"
EndProject
Global
	GlobalSection(SolutionConfigurationPlatforms) = preSolution
		Debug|Any CPU = Debug|Any CPU
		Release|Any CPU = Release|Any CPU
	EndGlobalSection
	GlobalSection(ProjectConfigurationPlatforms) = postSolution
		{1E07AE57-E652-42A3-AA0C-6967A3A735C8}.Debug|Any CPU.ActiveCfg = Debug|Any CPU
		{1E07AE57-E652-42A3-AA0C-6967A3A735C8}.Debug|Any CPU.Build.0 = Debug|Any CPU
		{1E07AE57-E652-42A3-AA0C-6967A3A735C8}.Release|Any CPU.ActiveCfg = Release|Any CPU
		{1E07AE57-E652-42A3-AA0C-6967A3A735C8}.Release|Any CPU.Build.0 = Release|Any CPU
		{3A5E3A1E-C52D-4E21-B6B2-6160BE37A275}.Debug|Any CPU.ActiveCfg = Debug|Any CPU
		{3A5E3A1E-C52D-4E21-B6B2-6160BE37A275}.Debug|Any CPU.Build.0 = Debug|Any CPU
		{3A5E3A1E-C52D-4E21-B6B2-6160BE37A275}.Release|Any CPU.ActiveCfg = Release|Any CPU
		{3A5E3A1E-C52D-4E21-B6B2-6160BE37A275}.Release|Any CPU.Build.0 = Release|Any CPU
		{9C2C9666-C19A-40AE-AF19-2B2CA70F74CC}.Debug|Any CPU.ActiveCfg = Debug|Any CPU
		{9C2C9666-C19A-40AE-AF19-2B2CA70F74CC}.Debug|Any CPU.Build.0 = Debug|Any CPU
		{9C2C9666-C19A-40AE-AF19-2B2CA70F74CC}.Release|Any CPU.ActiveCfg = Release|Any CPU
		{9C2C9666-C19A-40AE-AF19-2B2CA70F74CC}.Release|Any CPU.Build.0 = Release|Any CPU
		{7442931B-A854-4854-85AC-848D1A88FBA2}.Debug|Any CPU.ActiveCfg = Debug|Any CPU
		{7442931B-A854-4854-85AC-848D1A88FBA2}.Debug|Any CPU.Build.0 = Debug|Any CPU
		{7442931B-A854-4854-85AC-848D1A88FBA2}.Release|Any CPU.ActiveCfg = Release|Any CPU
		{7442931B-A854-4854-85AC-848D1A88FBA2}.Release|Any CPU.Build.0 = Release|Any CPU
		{006EFA61-A40F-449C-AC48-DD9447A5D7F1}.Debug|Any CPU.ActiveCfg = Debug|Any CPU
		{006EFA61-A40F-449C-AC48-DD9447A5D7F1}.Debug|Any CPU.Build.0 = Debug|Any CPU
		{006EFA61-A40F-449C-AC48-DD9447A5D7F1}.Release|Any CPU.ActiveCfg = Release|Any CPU
		{006EFA61-A40F-449C-AC48-DD9447A5D7F1}.Release|Any CPU.Build.0 = Release|Any CPU
		{A2F554EF-A73F-4D32-BB32-642CDACC3DBD}.Debug|Any CPU.ActiveCfg = Debug|Any CPU
		{A2F554EF-A73F-4D32-BB32-642CDACC3DBD}.Debug|Any CPU.Build.0 = Debug|Any CPU
		{A2F554EF-A73F-4D32-BB32-642CDACC3DBD}.Release|Any CPU.ActiveCfg = Release|Any CPU
		{A2F554EF-A73F-4D32-BB32-642CDACC3DBD}.Release|Any CPU.Build.0 = Release|Any CPU
		{C222A9CE-2741-4BDA-A151-9EFE304E9118}.Debug|Any CPU.ActiveCfg = Debug|Any CPU
		{C222A9CE-2741-4BDA-A151-9EFE304E9118}.Debug|Any CPU.Build.0 = Debug|Any CPU
		{C222A9CE-2741-4BDA-A151-9EFE304E9118}.Release|Any CPU.ActiveCfg = Release|Any CPU
		{C222A9CE-2741-4BDA-A151-9EFE304E9118}.Release|Any CPU.Build.0 = Release|Any CPU
		{1A2E8D04-5551-471E-B062-260429CBCDB2}.Debug|Any CPU.ActiveCfg = Debug|Any CPU
		{1A2E8D04-5551-471E-B062-260429CBCDB2}.Debug|Any CPU.Build.0 = Debug|Any CPU
		{1A2E8D04-5551-471E-B062-260429CBCDB2}.Release|Any CPU.ActiveCfg = Release|Any CPU
		{1A2E8D04-5551-471E-B062-260429CBCDB2}.Release|Any CPU.Build.0 = Release|Any CPU
		{A07659E2-C5F4-4BA7-AECC-60D14D34A8C9}.Debug|Any CPU.ActiveCfg = Debug|Any CPU
		{A07659E2-C5F4-4BA7-AECC-60D14D34A8C9}.Debug|Any CPU.Build.0 = Debug|Any CPU
		{A07659E2-C5F4-4BA7-AECC-60D14D34A8C9}.Release|Any CPU.ActiveCfg = Release|Any CPU
		{A07659E2-C5F4-4BA7-AECC-60D14D34A8C9}.Release|Any CPU.Build.0 = Release|Any CPU
		{CEA1B810-5342-4FFF-AECA-31CCDB4DB910}.Debug|Any CPU.ActiveCfg = Debug|Any CPU
		{CEA1B810-5342-4FFF-AECA-31CCDB4DB910}.Debug|Any CPU.Build.0 = Debug|Any CPU
		{CEA1B810-5342-4FFF-AECA-31CCDB4DB910}.Release|Any CPU.ActiveCfg = Release|Any CPU
		{CEA1B810-5342-4FFF-AECA-31CCDB4DB910}.Release|Any CPU.Build.0 = Release|Any CPU
		{4140E945-84D6-497D-A2DC-7AA5514830F0}.Debug|Any CPU.ActiveCfg = Debug|Any CPU
		{4140E945-84D6-497D-A2DC-7AA5514830F0}.Debug|Any CPU.Build.0 = Debug|Any CPU
		{4140E945-84D6-497D-A2DC-7AA5514830F0}.Release|Any CPU.ActiveCfg = Release|Any CPU
		{4140E945-84D6-497D-A2DC-7AA5514830F0}.Release|Any CPU.Build.0 = Release|Any CPU
		{463175D1-B725-4C74-9210-018C99266564}.Debug|Any CPU.ActiveCfg = Debug|Any CPU
		{463175D1-B725-4C74-9210-018C99266564}.Debug|Any CPU.Build.0 = Debug|Any CPU
		{463175D1-B725-4C74-9210-018C99266564}.Release|Any CPU.ActiveCfg = Release|Any CPU
		{463175D1-B725-4C74-9210-018C99266564}.Release|Any CPU.Build.0 = Release|Any CPU
		{37EE73BF-629D-474B-94B6-1337999F7797}.Debug|Any CPU.ActiveCfg = Debug|Any CPU
		{37EE73BF-629D-474B-94B6-1337999F7797}.Debug|Any CPU.Build.0 = Debug|Any CPU
		{37EE73BF-629D-474B-94B6-1337999F7797}.Release|Any CPU.ActiveCfg = Release|Any CPU
		{37EE73BF-629D-474B-94B6-1337999F7797}.Release|Any CPU.Build.0 = Release|Any CPU
	EndGlobalSection
	GlobalSection(SolutionProperties) = preSolution
		HideSolutionNode = FALSE
	EndGlobalSection
	GlobalSection(NestedProjects) = preSolution
		{1E07AE57-E652-42A3-AA0C-6967A3A735C8} = {EA79CDD3-2942-46B4-A5D4-2E06689DC6CD}
		{3A5E3A1E-C52D-4E21-B6B2-6160BE37A275} = {EA79CDD3-2942-46B4-A5D4-2E06689DC6CD}
		{EA79CDD3-2942-46B4-A5D4-2E06689DC6CD} = {50CCE76D-DB9B-4DC5-A397-820353EA5F13}
		{9F6BDF64-8494-4823-BB69-BB85ECB7B686} = {50CCE76D-DB9B-4DC5-A397-820353EA5F13}
		{9C2C9666-C19A-40AE-AF19-2B2CA70F74CC} = {9F6BDF64-8494-4823-BB69-BB85ECB7B686}
		{7442931B-A854-4854-85AC-848D1A88FBA2} = {9F6BDF64-8494-4823-BB69-BB85ECB7B686}
		{B87B260F-5F42-4343-8E18-C72363EBD4B9} = {50CCE76D-DB9B-4DC5-A397-820353EA5F13}
		{FA40DA8C-5227-45D7-BE68-5C58E49F59F6} = {50CCE76D-DB9B-4DC5-A397-820353EA5F13}
		{CEEBA833-49FA-4106-A25F-CF027031A1B5} = {50CCE76D-DB9B-4DC5-A397-820353EA5F13}
		{006EFA61-A40F-449C-AC48-DD9447A5D7F1} = {B87B260F-5F42-4343-8E18-C72363EBD4B9}
		{A2F554EF-A73F-4D32-BB32-642CDACC3DBD} = {B87B260F-5F42-4343-8E18-C72363EBD4B9}
		{C222A9CE-2741-4BDA-A151-9EFE304E9118} = {FA40DA8C-5227-45D7-BE68-5C58E49F59F6}
		{1A2E8D04-5551-471E-B062-260429CBCDB2} = {FA40DA8C-5227-45D7-BE68-5C58E49F59F6}
		{A07659E2-C5F4-4BA7-AECC-60D14D34A8C9} = {CEEBA833-49FA-4106-A25F-CF027031A1B5}
		{CEA1B810-5342-4FFF-AECA-31CCDB4DB910} = {55E41AD6-0499-485E-852E-6620F9DA79D7}
		{4140E945-84D6-497D-A2DC-7AA5514830F0} = {55E41AD6-0499-485E-852E-6620F9DA79D7}
		{463175D1-B725-4C74-9210-018C99266564} = {55E41AD6-0499-485E-852E-6620F9DA79D7}
		{37EE73BF-629D-474B-94B6-1337999F7797} = {55E41AD6-0499-485E-852E-6620F9DA79D7}
	EndGlobalSection
	GlobalSection(ExtensibilityGlobals) = postSolution
		SolutionGuid = {369D5058-28CA-4F91-85EF-9057D1668058}
	EndGlobalSection
EndGlobal
